
Microsoft Visual Studio Solution File, Format Version 12.00
# Visual Studio Version 17
VisualStudioVersion = 17.3.32929.385
MinimumVisualStudioVersion = 10.0.40219.1
Project("{9A19103F-16F7-4668-BE54-9A1E7A4F7556}") = "knights_and_diamonds", "knights_and_diamonds\knights_and_diamonds.csproj", "{33A74D9E-CA8E-4AE7-B13D-5008741FB667}"
EndProject
Project("{9A19103F-16F7-4668-BE54-9A1E7A4F7556}") = "BLL", "BLL\BLL.csproj", "{0055DB8B-5EC7-4CDD-BA14-72161AD7F191}"
EndProject
Project("{9A19103F-16F7-4668-BE54-9A1E7A4F7556}") = "DAL", "DLL\DAL.csproj", "{B54CC0B5-EE47-4EC1-8B57-8AA689C53B68}"
EndProject
Project("{9A19103F-16F7-4668-BE54-9A1E7A4F7556}") = "SignalR", "SignalR\SignalR.csproj", "{292EA057-A143-47E8-A5F0-CC6990333FFE}"
EndProject
Project("{2150E333-8FDC-42A3-9474-1A3956D46DE8}") = "Solution Items", "Solution Items", "{B54F20FE-3486-48D8-B562-CABA2179AE4B}"
	ProjectSection(SolutionItems) = preProject
		.editorconfig = .editorconfig
	EndProjectSection
EndProject
Global
	GlobalSection(SolutionConfigurationPlatforms) = preSolution
		Debug|Any CPU = Debug|Any CPU
		Release|Any CPU = Release|Any CPU
	EndGlobalSection
	GlobalSection(ProjectConfigurationPlatforms) = postSolution
		{33A74D9E-CA8E-4AE7-B13D-5008741FB667}.Debug|Any CPU.ActiveCfg = Debug|Any CPU
		{33A74D9E-CA8E-4AE7-B13D-5008741FB667}.Debug|Any CPU.Build.0 = Debug|Any CPU
		{33A74D9E-CA8E-4AE7-B13D-5008741FB667}.Release|Any CPU.ActiveCfg = Release|Any CPU
		{33A74D9E-CA8E-4AE7-B13D-5008741FB667}.Release|Any CPU.Build.0 = Release|Any CPU
		{0055DB8B-5EC7-4CDD-BA14-72161AD7F191}.Debug|Any CPU.ActiveCfg = Debug|Any CPU
		{0055DB8B-5EC7-4CDD-BA14-72161AD7F191}.Debug|Any CPU.Build.0 = Debug|Any CPU
		{0055DB8B-5EC7-4CDD-BA14-72161AD7F191}.Release|Any CPU.ActiveCfg = Release|Any CPU
		{0055DB8B-5EC7-4CDD-BA14-72161AD7F191}.Release|Any CPU.Build.0 = Release|Any CPU
		{B54CC0B5-EE47-4EC1-8B57-8AA689C53B68}.Debug|Any CPU.ActiveCfg = Debug|Any CPU
		{B54CC0B5-EE47-4EC1-8B57-8AA689C53B68}.Debug|Any CPU.Build.0 = Debug|Any CPU
		{B54CC0B5-EE47-4EC1-8B57-8AA689C53B68}.Release|Any CPU.ActiveCfg = Release|Any CPU
		{B54CC0B5-EE47-4EC1-8B57-8AA689C53B68}.Release|Any CPU.Build.0 = Release|Any CPU
		{292EA057-A143-47E8-A5F0-CC6990333FFE}.Debug|Any CPU.ActiveCfg = Debug|Any CPU
		{292EA057-A143-47E8-A5F0-CC6990333FFE}.Debug|Any CPU.Build.0 = Debug|Any CPU
		{292EA057-A143-47E8-A5F0-CC6990333FFE}.Release|Any CPU.ActiveCfg = Release|Any CPU
		{292EA057-A143-47E8-A5F0-CC6990333FFE}.Release|Any CPU.Build.0 = Release|Any CPU
	EndGlobalSection
	GlobalSection(SolutionProperties) = preSolution
		HideSolutionNode = FALSE
	EndGlobalSection
	GlobalSection(ExtensibilityGlobals) = postSolution
		SolutionGuid = {10B21A26-3619-4D21-81CC-67E709438053}
	EndGlobalSection
EndGlobal
